// !$*UTF8*$!
{
	archiveVersion = 1;
	classes = {
	};
	objectVersion = 55;
	objects = {

/* Begin PBXBuildFile section */
		B471697F27FFD8F000DA61A1 /* MovieCell.swift in Sources */ = {isa = PBXBuildFile; fileRef = B471697E27FFD8F000DA61A1 /* MovieCell.swift */; };
		B471698128006F8900DA61A1 /* LoadMoreCell.swift in Sources */ = {isa = PBXBuildFile; fileRef = B471698028006F8800DA61A1 /* LoadMoreCell.swift */; };
		B47169832800705900DA61A1 /* Movie.swift in Sources */ = {isa = PBXBuildFile; fileRef = B47169822800705900DA61A1 /* Movie.swift */; };
		B47169852800708400DA61A1 /* FeedAPIService.swift in Sources */ = {isa = PBXBuildFile; fileRef = B47169842800708400DA61A1 /* FeedAPIService.swift */; };
		B4716987280074B000DA61A1 /* MovieDetailVC.swift in Sources */ = {isa = PBXBuildFile; fileRef = B4716986280074B000DA61A1 /* MovieDetailVC.swift */; };
		B47169912801ECD100DA61A1 /* UIView+Extension.swift in Sources */ = {isa = PBXBuildFile; fileRef = B47169902801ECD100DA61A1 /* UIView+Extension.swift */; };
		B47169932801FD1C00DA61A1 /* ImageDataLoader.swift in Sources */ = {isa = PBXBuildFile; fileRef = B47169922801FD1C00DA61A1 /* ImageDataLoader.swift */; };
		B47169A228031B3200DA61A1 /* ViewControllerTests.swift in Sources */ = {isa = PBXBuildFile; fileRef = B47169A128031B3200DA61A1 /* ViewControllerTests.swift */; };
		B47169A42803BE1C00DA61A1 /* ViewControllerTestHelpers.swift in Sources */ = {isa = PBXBuildFile; fileRef = B47169A32803BE1C00DA61A1 /* ViewControllerTestHelpers.swift */; };
		B47169A628046CE300DA61A1 /* HTTPClient.swift in Sources */ = {isa = PBXBuildFile; fileRef = B47169A528046CE300DA61A1 /* HTTPClient.swift */; };
		B47169A828046D0700DA61A1 /* URLSessionHTTPClient.swift in Sources */ = {isa = PBXBuildFile; fileRef = B47169A728046D0700DA61A1 /* URLSessionHTTPClient.swift */; };
		B47169AA280478D400DA61A1 /* FeedAPIServiceTests.swift in Sources */ = {isa = PBXBuildFile; fileRef = B47169A9280478D400DA61A1 /* FeedAPIServiceTests.swift */; };
		B47A845C2810565F00F574C9 /* CombineHelpers.swift in Sources */ = {isa = PBXBuildFile; fileRef = B47A845B2810565F00F574C9 /* CombineHelpers.swift */; };
		B4856E0B27FFBC9E0081C7F3 /* AppDelegate.swift in Sources */ = {isa = PBXBuildFile; fileRef = B4856E0A27FFBC9E0081C7F3 /* AppDelegate.swift */; };
		B4856E0D27FFBC9E0081C7F3 /* SceneDelegate.swift in Sources */ = {isa = PBXBuildFile; fileRef = B4856E0C27FFBC9E0081C7F3 /* SceneDelegate.swift */; };
		B4856E0F27FFBC9E0081C7F3 /* ViewController.swift in Sources */ = {isa = PBXBuildFile; fileRef = B4856E0E27FFBC9E0081C7F3 /* ViewController.swift */; };
		B4856E1227FFBC9E0081C7F3 /* Main.storyboard in Resources */ = {isa = PBXBuildFile; fileRef = B4856E1027FFBC9E0081C7F3 /* Main.storyboard */; };
		B4856E1427FFBCA20081C7F3 /* Assets.xcassets in Resources */ = {isa = PBXBuildFile; fileRef = B4856E1327FFBCA20081C7F3 /* Assets.xcassets */; };
		B4856E1727FFBCA20081C7F3 /* LaunchScreen.storyboard in Resources */ = {isa = PBXBuildFile; fileRef = B4856E1527FFBCA20081C7F3 /* LaunchScreen.storyboard */; };
		B4856E1F27FFBCF10081C7F3 /* Constants.swift in Sources */ = {isa = PBXBuildFile; fileRef = B4856E1E27FFBCF10081C7F3 /* Constants.swift */; };
		B4856E2427FFBD630081C7F3 /* FeedLoader.swift in Sources */ = {isa = PBXBuildFile; fileRef = B4856E2327FFBD630081C7F3 /* FeedLoader.swift */; };
/* End PBXBuildFile section */

/* Begin PBXContainerItemProxy section */
		B471699C28031A5000DA61A1 /* PBXContainerItemProxy */ = {
			isa = PBXContainerItemProxy;
			containerPortal = B4856DFF27FFBC9E0081C7F3 /* Project object */;
			proxyType = 1;
			remoteGlobalIDString = B4856E0627FFBC9E0081C7F3;
			remoteInfo = TMDBApp;
		};
/* End PBXContainerItemProxy section */

/* Begin PBXFileReference section */
		B471697E27FFD8F000DA61A1 /* MovieCell.swift */ = {isa = PBXFileReference; lastKnownFileType = sourcecode.swift; path = MovieCell.swift; sourceTree = "<group>"; };
		B471698028006F8800DA61A1 /* LoadMoreCell.swift */ = {isa = PBXFileReference; lastKnownFileType = sourcecode.swift; path = LoadMoreCell.swift; sourceTree = "<group>"; };
		B47169822800705900DA61A1 /* Movie.swift */ = {isa = PBXFileReference; lastKnownFileType = sourcecode.swift; path = Movie.swift; sourceTree = "<group>"; };
		B47169842800708400DA61A1 /* FeedAPIService.swift */ = {isa = PBXFileReference; lastKnownFileType = sourcecode.swift; path = FeedAPIService.swift; sourceTree = "<group>"; };
		B4716986280074B000DA61A1 /* MovieDetailVC.swift */ = {isa = PBXFileReference; lastKnownFileType = sourcecode.swift; path = MovieDetailVC.swift; sourceTree = "<group>"; };
		B47169902801ECD100DA61A1 /* UIView+Extension.swift */ = {isa = PBXFileReference; lastKnownFileType = sourcecode.swift; path = "UIView+Extension.swift"; sourceTree = "<group>"; };
		B47169922801FD1C00DA61A1 /* ImageDataLoader.swift */ = {isa = PBXFileReference; lastKnownFileType = sourcecode.swift; path = ImageDataLoader.swift; sourceTree = "<group>"; };
		B471699828031A4F00DA61A1 /* TMDBAppTests.xctest */ = {isa = PBXFileReference; explicitFileType = wrapper.cfbundle; includeInIndex = 0; path = TMDBAppTests.xctest; sourceTree = BUILT_PRODUCTS_DIR; };
		B47169A128031B3200DA61A1 /* ViewControllerTests.swift */ = {isa = PBXFileReference; lastKnownFileType = sourcecode.swift; path = ViewControllerTests.swift; sourceTree = "<group>"; };
		B47169A32803BE1C00DA61A1 /* ViewControllerTestHelpers.swift */ = {isa = PBXFileReference; lastKnownFileType = sourcecode.swift; path = ViewControllerTestHelpers.swift; sourceTree = "<group>"; };
		B47169A528046CE300DA61A1 /* HTTPClient.swift */ = {isa = PBXFileReference; lastKnownFileType = sourcecode.swift; path = HTTPClient.swift; sourceTree = "<group>"; };
		B47169A728046D0700DA61A1 /* URLSessionHTTPClient.swift */ = {isa = PBXFileReference; lastKnownFileType = sourcecode.swift; path = URLSessionHTTPClient.swift; sourceTree = "<group>"; };
		B47169A9280478D400DA61A1 /* FeedAPIServiceTests.swift */ = {isa = PBXFileReference; lastKnownFileType = sourcecode.swift; path = FeedAPIServiceTests.swift; sourceTree = "<group>"; };
		B47A845B2810565F00F574C9 /* CombineHelpers.swift */ = {isa = PBXFileReference; lastKnownFileType = sourcecode.swift; path = CombineHelpers.swift; sourceTree = "<group>"; };
		B4856E0727FFBC9E0081C7F3 /* TMDBApp.app */ = {isa = PBXFileReference; explicitFileType = wrapper.application; includeInIndex = 0; path = TMDBApp.app; sourceTree = BUILT_PRODUCTS_DIR; };
		B4856E0A27FFBC9E0081C7F3 /* AppDelegate.swift */ = {isa = PBXFileReference; lastKnownFileType = sourcecode.swift; path = AppDelegate.swift; sourceTree = "<group>"; };
		B4856E0C27FFBC9E0081C7F3 /* SceneDelegate.swift */ = {isa = PBXFileReference; lastKnownFileType = sourcecode.swift; path = SceneDelegate.swift; sourceTree = "<group>"; };
		B4856E0E27FFBC9E0081C7F3 /* ViewController.swift */ = {isa = PBXFileReference; lastKnownFileType = sourcecode.swift; path = ViewController.swift; sourceTree = "<group>"; };
		B4856E1127FFBC9E0081C7F3 /* Base */ = {isa = PBXFileReference; lastKnownFileType = file.storyboard; name = Base; path = Base.lproj/Main.storyboard; sourceTree = "<group>"; };
		B4856E1327FFBCA20081C7F3 /* Assets.xcassets */ = {isa = PBXFileReference; lastKnownFileType = folder.assetcatalog; path = Assets.xcassets; sourceTree = "<group>"; };
		B4856E1627FFBCA20081C7F3 /* Base */ = {isa = PBXFileReference; lastKnownFileType = file.storyboard; name = Base; path = Base.lproj/LaunchScreen.storyboard; sourceTree = "<group>"; };
		B4856E1827FFBCA20081C7F3 /* Info.plist */ = {isa = PBXFileReference; lastKnownFileType = text.plist.xml; path = Info.plist; sourceTree = "<group>"; };
		B4856E1E27FFBCF10081C7F3 /* Constants.swift */ = {isa = PBXFileReference; lastKnownFileType = sourcecode.swift; path = Constants.swift; sourceTree = "<group>"; };
		B4856E2327FFBD630081C7F3 /* FeedLoader.swift */ = {isa = PBXFileReference; lastKnownFileType = sourcecode.swift; path = FeedLoader.swift; sourceTree = "<group>"; };
/* End PBXFileReference section */

/* Begin PBXFrameworksBuildPhase section */
		B471699528031A4F00DA61A1 /* Frameworks */ = {
			isa = PBXFrameworksBuildPhase;
			buildActionMask = 2147483647;
			files = (
			);
			runOnlyForDeploymentPostprocessing = 0;
		};
		B4856E0427FFBC9E0081C7F3 /* Frameworks */ = {
			isa = PBXFrameworksBuildPhase;
			buildActionMask = 2147483647;
			files = (
			);
			runOnlyForDeploymentPostprocessing = 0;
		};
/* End PBXFrameworksBuildPhase section */

/* Begin PBXGroup section */
		B471698F2801ECC400DA61A1 /* Extension */ = {
			isa = PBXGroup;
			children = (
				B47169902801ECD100DA61A1 /* UIView+Extension.swift */,
			);
			path = Extension;
			sourceTree = "<group>";
		};
		B471699928031A5000DA61A1 /* TMDBAppTests */ = {
			isa = PBXGroup;
			children = (
				B47169A128031B3200DA61A1 /* ViewControllerTests.swift */,
				B47169A9280478D400DA61A1 /* FeedAPIServiceTests.swift */,
				B47169A32803BE1C00DA61A1 /* ViewControllerTestHelpers.swift */,
			);
			path = TMDBAppTests;
			sourceTree = "<group>";
		};
		B4856DFE27FFBC9E0081C7F3 = {
			isa = PBXGroup;
			children = (
				B4856E0927FFBC9E0081C7F3 /* TMDBApp */,
				B471699928031A5000DA61A1 /* TMDBAppTests */,
				B4856E0827FFBC9E0081C7F3 /* Products */,
			);
			sourceTree = "<group>";
		};
		B4856E0827FFBC9E0081C7F3 /* Products */ = {
			isa = PBXGroup;
			children = (
				B4856E0727FFBC9E0081C7F3 /* TMDBApp.app */,
				B471699828031A4F00DA61A1 /* TMDBAppTests.xctest */,
			);
			name = Products;
			sourceTree = "<group>";
		};
		B4856E0927FFBC9E0081C7F3 /* TMDBApp */ = {
			isa = PBXGroup;
			children = (
				B4856E2027FFBD1B0081C7F3 /* Domain */,
				B4856E2127FFBD220081C7F3 /* Services */,
				B4856E2227FFBD300081C7F3 /* UI */,
				B4856E0A27FFBC9E0081C7F3 /* AppDelegate.swift */,
				B4856E1E27FFBCF10081C7F3 /* Constants.swift */,
				B4856E0C27FFBC9E0081C7F3 /* SceneDelegate.swift */,
				B47A845B2810565F00F574C9 /* CombineHelpers.swift */,
				B4856E1027FFBC9E0081C7F3 /* Main.storyboard */,
				B4856E1327FFBCA20081C7F3 /* Assets.xcassets */,
				B4856E1527FFBCA20081C7F3 /* LaunchScreen.storyboard */,
				B4856E1827FFBCA20081C7F3 /* Info.plist */,
			);
			path = TMDBApp;
			sourceTree = "<group>";
		};
		B4856E2027FFBD1B0081C7F3 /* Domain */ = {
			isa = PBXGroup;
			children = (
				B4856E2327FFBD630081C7F3 /* FeedLoader.swift */,
				B47169922801FD1C00DA61A1 /* ImageDataLoader.swift */,
				B47169822800705900DA61A1 /* Movie.swift */,
			);
			path = Domain;
			sourceTree = "<group>";
		};
		B4856E2127FFBD220081C7F3 /* Services */ = {
			isa = PBXGroup;
			children = (
				B47169842800708400DA61A1 /* FeedAPIService.swift */,
				B47169A528046CE300DA61A1 /* HTTPClient.swift */,
				B47169A728046D0700DA61A1 /* URLSessionHTTPClient.swift */,
			);
			path = Services;
			sourceTree = "<group>";
		};
		B4856E2227FFBD300081C7F3 /* UI */ = {
			isa = PBXGroup;
			children = (
				B471698F2801ECC400DA61A1 /* Extension */,
				B471697E27FFD8F000DA61A1 /* MovieCell.swift */,
				B471698028006F8800DA61A1 /* LoadMoreCell.swift */,
				B4856E0E27FFBC9E0081C7F3 /* ViewController.swift */,
				B4716986280074B000DA61A1 /* MovieDetailVC.swift */,
			);
			path = UI;
			sourceTree = "<group>";
		};
/* End PBXGroup section */

/* Begin PBXNativeTarget section */
		B471699728031A4F00DA61A1 /* TMDBAppTests */ = {
			isa = PBXNativeTarget;
			buildConfigurationList = B471699E28031A5000DA61A1 /* Build configuration list for PBXNativeTarget "TMDBAppTests" */;
			buildPhases = (
				B471699428031A4F00DA61A1 /* Sources */,
				B471699528031A4F00DA61A1 /* Frameworks */,
				B471699628031A4F00DA61A1 /* Resources */,
			);
			buildRules = (
			);
			dependencies = (
				B471699D28031A5000DA61A1 /* PBXTargetDependency */,
			);
			name = TMDBAppTests;
			productName = TMDBAppTests;
			productReference = B471699828031A4F00DA61A1 /* TMDBAppTests.xctest */;
			productType = "com.apple.product-type.bundle.unit-test";
		};
		B4856E0627FFBC9E0081C7F3 /* TMDBApp */ = {
			isa = PBXNativeTarget;
			buildConfigurationList = B4856E1B27FFBCA20081C7F3 /* Build configuration list for PBXNativeTarget "TMDBApp" */;
			buildPhases = (
				B4856E0327FFBC9E0081C7F3 /* Sources */,
				B4856E0427FFBC9E0081C7F3 /* Frameworks */,
				B4856E0527FFBC9E0081C7F3 /* Resources */,
			);
			buildRules = (
			);
			dependencies = (
			);
			name = TMDBApp;
			packageProductDependencies = (
			);
			productName = TMDBApp;
			productReference = B4856E0727FFBC9E0081C7F3 /* TMDBApp.app */;
			productType = "com.apple.product-type.application";
		};
/* End PBXNativeTarget section */

/* Begin PBXProject section */
		B4856DFF27FFBC9E0081C7F3 /* Project object */ = {
			isa = PBXProject;
			attributes = {
				BuildIndependentTargetsInParallel = 1;
				LastSwiftUpdateCheck = 1320;
				LastUpgradeCheck = 1320;
				TargetAttributes = {
					B471699728031A4F00DA61A1 = {
						CreatedOnToolsVersion = 13.2.1;
						LastSwiftMigration = 1320;
						TestTargetID = B4856E0627FFBC9E0081C7F3;
					};
					B4856E0627FFBC9E0081C7F3 = {
						CreatedOnToolsVersion = 13.2.1;
					};
				};
			};
			buildConfigurationList = B4856E0227FFBC9E0081C7F3 /* Build configuration list for PBXProject "TMDBApp" */;
			compatibilityVersion = "Xcode 13.0";
			developmentRegion = en;
			hasScannedForEncodings = 0;
			knownRegions = (
				en,
				Base,
			);
			mainGroup = B4856DFE27FFBC9E0081C7F3;
			packageReferences = (
			);
			productRefGroup = B4856E0827FFBC9E0081C7F3 /* Products */;
			projectDirPath = "";
			projectRoot = "";
			targets = (
				B4856E0627FFBC9E0081C7F3 /* TMDBApp */,
				B471699728031A4F00DA61A1 /* TMDBAppTests */,
			);
		};
/* End PBXProject section */

/* Begin PBXResourcesBuildPhase section */
		B471699628031A4F00DA61A1 /* Resources */ = {
			isa = PBXResourcesBuildPhase;
			buildActionMask = 2147483647;
			files = (
			);
			runOnlyForDeploymentPostprocessing = 0;
		};
		B4856E0527FFBC9E0081C7F3 /* Resources */ = {
			isa = PBXResourcesBuildPhase;
			buildActionMask = 2147483647;
			files = (
				B4856E1727FFBCA20081C7F3 /* LaunchScreen.storyboard in Resources */,
				B4856E1427FFBCA20081C7F3 /* Assets.xcassets in Resources */,
				B4856E1227FFBC9E0081C7F3 /* Main.storyboard in Resources */,
			);
			runOnlyForDeploymentPostprocessing = 0;
		};
/* End PBXResourcesBuildPhase section */

/* Begin PBXSourcesBuildPhase section */
		B471699428031A4F00DA61A1 /* Sources */ = {
			isa = PBXSourcesBuildPhase;
			buildActionMask = 2147483647;
			files = (
				B47169AA280478D400DA61A1 /* FeedAPIServiceTests.swift in Sources */,
				B47169A42803BE1C00DA61A1 /* ViewControllerTestHelpers.swift in Sources */,
				B47169A228031B3200DA61A1 /* ViewControllerTests.swift in Sources */,
			);
			runOnlyForDeploymentPostprocessing = 0;
		};
		B4856E0327FFBC9E0081C7F3 /* Sources */ = {
			isa = PBXSourcesBuildPhase;
			buildActionMask = 2147483647;
			files = (
				B47169932801FD1C00DA61A1 /* ImageDataLoader.swift in Sources */,
				B47169912801ECD100DA61A1 /* UIView+Extension.swift in Sources */,
				B47169A628046CE300DA61A1 /* HTTPClient.swift in Sources */,
				B4856E0F27FFBC9E0081C7F3 /* ViewController.swift in Sources */,
				B471698128006F8900DA61A1 /* LoadMoreCell.swift in Sources */,
				B4856E0B27FFBC9E0081C7F3 /* AppDelegate.swift in Sources */,
				B471697F27FFD8F000DA61A1 /* MovieCell.swift in Sources */,
				B47169A828046D0700DA61A1 /* URLSessionHTTPClient.swift in Sources */,
				B47A845C2810565F00F574C9 /* CombineHelpers.swift in Sources */,
				B4856E0D27FFBC9E0081C7F3 /* SceneDelegate.swift in Sources */,
				B4856E2427FFBD630081C7F3 /* FeedLoader.swift in Sources */,
				B4716987280074B000DA61A1 /* MovieDetailVC.swift in Sources */,
				B47169832800705900DA61A1 /* Movie.swift in Sources */,
				B4856E1F27FFBCF10081C7F3 /* Constants.swift in Sources */,
				B47169852800708400DA61A1 /* FeedAPIService.swift in Sources */,
			);
			runOnlyForDeploymentPostprocessing = 0;
		};
/* End PBXSourcesBuildPhase section */

/* Begin PBXTargetDependency section */
		B471699D28031A5000DA61A1 /* PBXTargetDependency */ = {
			isa = PBXTargetDependency;
			target = B4856E0627FFBC9E0081C7F3 /* TMDBApp */;
			targetProxy = B471699C28031A5000DA61A1 /* PBXContainerItemProxy */;
		};
/* End PBXTargetDependency section */

/* Begin PBXVariantGroup section */
		B4856E1027FFBC9E0081C7F3 /* Main.storyboard */ = {
			isa = PBXVariantGroup;
			children = (
				B4856E1127FFBC9E0081C7F3 /* Base */,
			);
			name = Main.storyboard;
			sourceTree = "<group>";
		};
		B4856E1527FFBCA20081C7F3 /* LaunchScreen.storyboard */ = {
			isa = PBXVariantGroup;
			children = (
				B4856E1627FFBCA20081C7F3 /* Base */,
			);
			name = LaunchScreen.storyboard;
			sourceTree = "<group>";
		};
/* End PBXVariantGroup section */

/* Begin XCBuildConfiguration section */
		B471699F28031A5000DA61A1 /* Debug */ = {
			isa = XCBuildConfiguration;
			buildSettings = {
				BUNDLE_LOADER = "$(TEST_HOST)";
				CLANG_ENABLE_MODULES = YES;
				CODE_SIGN_STYLE = Automatic;
				CURRENT_PROJECT_VERSION = 1;
				DEVELOPMENT_TEAM = FL29S3YYFY;
				GENERATE_INFOPLIST_FILE = YES;
				LD_RUNPATH_SEARCH_PATHS = (
					"$(inherited)",
					"@executable_path/Frameworks",
					"@loader_path/Frameworks",
				);
				MARKETING_VERSION = 1.0;
				PRODUCT_BUNDLE_IDENTIFIER = com.tantt.reminder.TMDBAppTests;
				PRODUCT_NAME = "$(TARGET_NAME)";
				SWIFT_EMIT_LOC_STRINGS = NO;
				SWIFT_OPTIMIZATION_LEVEL = "-Onone";
				SWIFT_VERSION = 5.0;
				TARGETED_DEVICE_FAMILY = "1,2";
				TEST_HOST = "$(BUILT_PRODUCTS_DIR)/TMDBApp.app/TMDBApp";
			};
			name = Debug;
		};
		B47169A028031A5000DA61A1 /* Release */ = {
			isa = XCBuildConfiguration;
			buildSettings = {
				BUNDLE_LOADER = "$(TEST_HOST)";
				CLANG_ENABLE_MODULES = YES;
				CODE_SIGN_STYLE = Automatic;
				CURRENT_PROJECT_VERSION = 1;
				DEVELOPMENT_TEAM = FL29S3YYFY;
				GENERATE_INFOPLIST_FILE = YES;
				LD_RUNPATH_SEARCH_PATHS = (
					"$(inherited)",
					"@executable_path/Frameworks",
					"@loader_path/Frameworks",
				);
				MARKETING_VERSION = 1.0;
				PRODUCT_BUNDLE_IDENTIFIER = com.tantt.reminder.TMDBAppTests;
				PRODUCT_NAME = "$(TARGET_NAME)";
				SWIFT_EMIT_LOC_STRINGS = NO;
				SWIFT_VERSION = 5.0;
				TARGETED_DEVICE_FAMILY = "1,2";
				TEST_HOST = "$(BUILT_PRODUCTS_DIR)/TMDBApp.app/TMDBApp";
			};
			name = Release;
		};
		B4856E1927FFBCA20081C7F3 /* Debug */ = {
			isa = XCBuildConfiguration;
			buildSettings = {
				ALWAYS_SEARCH_USER_PATHS = NO;
				CLANG_ANALYZER_NONNULL = YES;
				CLANG_ANALYZER_NUMBER_OBJECT_CONVERSION = YES_AGGRESSIVE;
				CLANG_CXX_LANGUAGE_STANDARD = "gnu++17";
				CLANG_CXX_LIBRARY = "libc++";
				CLANG_ENABLE_MODULES = YES;
				CLANG_ENABLE_OBJC_ARC = YES;
				CLANG_ENABLE_OBJC_WEAK = YES;
				CLANG_WARN_BLOCK_CAPTURE_AUTORELEASING = YES;
				CLANG_WARN_BOOL_CONVERSION = YES;
				CLANG_WARN_COMMA = YES;
				CLANG_WARN_CONSTANT_CONVERSION = YES;
				CLANG_WARN_DEPRECATED_OBJC_IMPLEMENTATIONS = YES;
				CLANG_WARN_DIRECT_OBJC_ISA_USAGE = YES_ERROR;
				CLANG_WARN_DOCUMENTATION_COMMENTS = YES;
				CLANG_WARN_EMPTY_BODY = YES;
				CLANG_WARN_ENUM_CONVERSION = YES;
				CLANG_WARN_INFINITE_RECURSION = YES;
				CLANG_WARN_INT_CONVERSION = YES;
				CLANG_WARN_NON_LITERAL_NULL_CONVERSION = YES;
				CLANG_WARN_OBJC_IMPLICIT_RETAIN_SELF = YES;
				CLANG_WARN_OBJC_LITERAL_CONVERSION = YES;
				CLANG_WARN_OBJC_ROOT_CLASS = YES_ERROR;
				CLANG_WARN_QUOTED_INCLUDE_IN_FRAMEWORK_HEADER = YES;
				CLANG_WARN_RANGE_LOOP_ANALYSIS = YES;
				CLANG_WARN_STRICT_PROTOTYPES = YES;
				CLANG_WARN_SUSPICIOUS_MOVE = YES;
				CLANG_WARN_UNGUARDED_AVAILABILITY = YES_AGGRESSIVE;
				CLANG_WARN_UNREACHABLE_CODE = YES;
				CLANG_WARN__DUPLICATE_METHOD_MATCH = YES;
				COPY_PHASE_STRIP = NO;
				DEBUG_INFORMATION_FORMAT = dwarf;
				ENABLE_STRICT_OBJC_MSGSEND = YES;
				ENABLE_TESTABILITY = YES;
				GCC_C_LANGUAGE_STANDARD = gnu11;
				GCC_DYNAMIC_NO_PIC = NO;
				GCC_NO_COMMON_BLOCKS = YES;
				GCC_OPTIMIZATION_LEVEL = 0;
				GCC_PREPROCESSOR_DEFINITIONS = (
					"DEBUG=1",
					"$(inherited)",
				);
				GCC_WARN_64_TO_32_BIT_CONVERSION = YES;
				GCC_WARN_ABOUT_RETURN_TYPE = YES_ERROR;
				GCC_WARN_UNDECLARED_SELECTOR = YES;
				GCC_WARN_UNINITIALIZED_AUTOS = YES_AGGRESSIVE;
				GCC_WARN_UNUSED_FUNCTION = YES;
				GCC_WARN_UNUSED_VARIABLE = YES;
				IPHONEOS_DEPLOYMENT_TARGET = 15.2;
				MTL_ENABLE_DEBUG_INFO = INCLUDE_SOURCE;
				MTL_FAST_MATH = YES;
				ONLY_ACTIVE_ARCH = YES;
				SDKROOT = iphoneos;
				SWIFT_ACTIVE_COMPILATION_CONDITIONS = DEBUG;
				SWIFT_OPTIMIZATION_LEVEL = "-Onone";
			};
			name = Debug;
		};
		B4856E1A27FFBCA20081C7F3 /* Release */ = {
			isa = XCBuildConfiguration;
			buildSettings = {
				ALWAYS_SEARCH_USER_PATHS = NO;
				CLANG_ANALYZER_NONNULL = YES;
				CLANG_ANALYZER_NUMBER_OBJECT_CONVERSION = YES_AGGRESSIVE;
				CLANG_CXX_LANGUAGE_STANDARD = "gnu++17";
				CLANG_CXX_LIBRARY = "libc++";
				CLANG_ENABLE_MODULES = YES;
				CLANG_ENABLE_OBJC_ARC = YES;
				CLANG_ENABLE_OBJC_WEAK = YES;
				CLANG_WARN_BLOCK_CAPTURE_AUTORELEASING = YES;
				CLANG_WARN_BOOL_CONVERSION = YES;
				CLANG_WARN_COMMA = YES;
				CLANG_WARN_CONSTANT_CONVERSION = YES;
				CLANG_WARN_DEPRECATED_OBJC_IMPLEMENTATIONS = YES;
				CLANG_WARN_DIRECT_OBJC_ISA_USAGE = YES_ERROR;
				CLANG_WARN_DOCUMENTATION_COMMENTS = YES;
				CLANG_WARN_EMPTY_BODY = YES;
				CLANG_WARN_ENUM_CONVERSION = YES;
				CLANG_WARN_INFINITE_RECURSION = YES;
				CLANG_WARN_INT_CONVERSION = YES;
				CLANG_WARN_NON_LITERAL_NULL_CONVERSION = YES;
				CLANG_WARN_OBJC_IMPLICIT_RETAIN_SELF = YES;
				CLANG_WARN_OBJC_LITERAL_CONVERSION = YES;
				CLANG_WARN_OBJC_ROOT_CLASS = YES_ERROR;
				CLANG_WARN_QUOTED_INCLUDE_IN_FRAMEWORK_HEADER = YES;
				CLANG_WARN_RANGE_LOOP_ANALYSIS = YES;
				CLANG_WARN_STRICT_PROTOTYPES = YES;
				CLANG_WARN_SUSPICIOUS_MOVE = YES;
				CLANG_WARN_UNGUARDED_AVAILABILITY = YES_AGGRESSIVE;
				CLANG_WARN_UNREACHABLE_CODE = YES;
				CLANG_WARN__DUPLICATE_METHOD_MATCH = YES;
				COPY_PHASE_STRIP = NO;
				DEBUG_INFORMATION_FORMAT = "dwarf-with-dsym";
				ENABLE_NS_ASSERTIONS = NO;
				ENABLE_STRICT_OBJC_MSGSEND = YES;
				GCC_C_LANGUAGE_STANDARD = gnu11;
				GCC_NO_COMMON_BLOCKS = YES;
				GCC_WARN_64_TO_32_BIT_CONVERSION = YES;
				GCC_WARN_ABOUT_RETURN_TYPE = YES_ERROR;
				GCC_WARN_UNDECLARED_SELECTOR = YES;
				GCC_WARN_UNINITIALIZED_AUTOS = YES_AGGRESSIVE;
				GCC_WARN_UNUSED_FUNCTION = YES;
				GCC_WARN_UNUSED_VARIABLE = YES;
				IPHONEOS_DEPLOYMENT_TARGET = 15.2;
				MTL_ENABLE_DEBUG_INFO = NO;
				MTL_FAST_MATH = YES;
				SDKROOT = iphoneos;
				SWIFT_COMPILATION_MODE = wholemodule;
				SWIFT_OPTIMIZATION_LEVEL = "-O";
				VALIDATE_PRODUCT = YES;
			};
			name = Release;
		};
		B4856E1C27FFBCA20081C7F3 /* Debug */ = {
			isa = XCBuildConfiguration;
			buildSettings = {
				ASSETCATALOG_COMPILER_APPICON_NAME = AppIcon;
				ASSETCATALOG_COMPILER_GLOBAL_ACCENT_COLOR_NAME = AccentColor;
				CODE_SIGN_STYLE = Automatic;
				CURRENT_PROJECT_VERSION = 1;
				DEVELOPMENT_TEAM = FL29S3YYFY;
				GENERATE_INFOPLIST_FILE = YES;
				INFOPLIST_FILE = TMDBApp/Info.plist;
				INFOPLIST_KEY_UIApplicationSupportsIndirectInputEvents = YES;
				INFOPLIST_KEY_UILaunchStoryboardName = LaunchScreen;
				INFOPLIST_KEY_UISupportedInterfaceOrientations_iPad = "UIInterfaceOrientationPortrait UIInterfaceOrientationPortraitUpsideDown UIInterfaceOrientationLandscapeLeft UIInterfaceOrientationLandscapeRight";
				INFOPLIST_KEY_UISupportedInterfaceOrientations_iPhone = "UIInterfaceOrientationPortrait UIInterfaceOrientationLandscapeLeft UIInterfaceOrientationLandscapeRight";
				IPHONEOS_DEPLOYMENT_TARGET = 14.0;
				LD_RUNPATH_SEARCH_PATHS = (
					"$(inherited)",
					"@executable_path/Frameworks",
				);
				MARKETING_VERSION = 1.0;
				PRODUCT_BUNDLE_IDENTIFIER = com.tantt.reminder.TMDBApp;
				PRODUCT_NAME = "$(TARGET_NAME)";
				SWIFT_EMIT_LOC_STRINGS = YES;
				SWIFT_VERSION = 5.0;
				TARGETED_DEVICE_FAMILY = "1,2";
			};
			name = Debug;
		};
		B4856E1D27FFBCA20081C7F3 /* Release */ = {
			isa = XCBuildConfiguration;
			buildSettings = {
				ASSETCATALOG_COMPILER_APPICON_NAME = AppIcon;
				ASSETCATALOG_COMPILER_GLOBAL_ACCENT_COLOR_NAME = AccentColor;
				CODE_SIGN_STYLE = Automatic;
				CURRENT_PROJECT_VERSION = 1;
				DEVELOPMENT_TEAM = FL29S3YYFY;
				GENERATE_INFOPLIST_FILE = YES;
				INFOPLIST_FILE = TMDBApp/Info.plist;
				INFOPLIST_KEY_UIApplicationSupportsIndirectInputEvents = YES;
				INFOPLIST_KEY_UILaunchStoryboardName = LaunchScreen;
				INFOPLIST_KEY_UISupportedInterfaceOrientations_iPad = "UIInterfaceOrientationPortrait UIInterfaceOrientationPortraitUpsideDown UIInterfaceOrientationLandscapeLeft UIInterfaceOrientationLandscapeRight";
				INFOPLIST_KEY_UISupportedInterfaceOrientations_iPhone = "UIInterfaceOrientationPortrait UIInterfaceOrientationLandscapeLeft UIInterfaceOrientationLandscapeRight";
				IPHONEOS_DEPLOYMENT_TARGET = 14.0;
				LD_RUNPATH_SEARCH_PATHS = (
					"$(inherited)",
					"@executable_path/Frameworks",
				);
				MARKETING_VERSION = 1.0;
				PRODUCT_BUNDLE_IDENTIFIER = com.tantt.reminder.TMDBApp;
				PRODUCT_NAME = "$(TARGET_NAME)";
				SWIFT_EMIT_LOC_STRINGS = YES;
				SWIFT_VERSION = 5.0;
				TARGETED_DEVICE_FAMILY = "1,2";
			};
			name = Release;
		};
/* End XCBuildConfiguration section */

/* Begin XCConfigurationList section */
		B471699E28031A5000DA61A1 /* Build configuration list for PBXNativeTarget "TMDBAppTests" */ = {
			isa = XCConfigurationList;
			buildConfigurations = (
				B471699F28031A5000DA61A1 /* Debug */,
				B47169A028031A5000DA61A1 /* Release */,
			);
			defaultConfigurationIsVisible = 0;
			defaultConfigurationName = Release;
		};
		B4856E0227FFBC9E0081C7F3 /* Build configuration list for PBXProject "TMDBApp" */ = {
			isa = XCConfigurationList;
			buildConfigurations = (
				B4856E1927FFBCA20081C7F3 /* Debug */,
				B4856E1A27FFBCA20081C7F3 /* Release */,
			);
			defaultConfigurationIsVisible = 0;
			defaultConfigurationName = Release;
		};
		B4856E1B27FFBCA20081C7F3 /* Build configuration list for PBXNativeTarget "TMDBApp" */ = {
			isa = XCConfigurationList;
			buildConfigurations = (
				B4856E1C27FFBCA20081C7F3 /* Debug */,
				B4856E1D27FFBCA20081C7F3 /* Release */,
			);
			defaultConfigurationIsVisible = 0;
			defaultConfigurationName = Release;
		};
/* End XCConfigurationList section */
	};
	rootObject = B4856DFF27FFBC9E0081C7F3 /* Project object */;
}
